// !$*UTF8*$!
{
	archiveVersion = 1;
	classes = {
	};
	objectVersion = 54;
	objects = {

/* Begin PBXBuildFile section */
		E3F069E9733E11C55044F6D1 /* Pods_OriginalApplication.framework in Frameworks */ = {isa = PBXBuildFile; fileRef = 313F38053FF634F4090B82F0 /* Pods_OriginalApplication.framework */; settings = {ATTRIBUTES = (Weak, ); }; };
		FE01510E24C473D90046A550 /* HomeController.swift in Sources */ = {isa = PBXBuildFile; fileRef = FE01510D24C473D90046A550 /* HomeController.swift */; };
		FE0A0DA024EFDE21006BA118 /* LogOut.swift in Sources */ = {isa = PBXBuildFile; fileRef = FE0A0D9F24EFDE21006BA118 /* LogOut.swift */; };
		FE1D5BBF24C469810097B2F1 /* RegisterController.swift in Sources */ = {isa = PBXBuildFile; fileRef = FE1D5BBE24C469810097B2F1 /* RegisterController.swift */; };
		FE1D5BC124C46E3A0097B2F1 /* Register.swift in Sources */ = {isa = PBXBuildFile; fileRef = FE1D5BC024C46E3A0097B2F1 /* Register.swift */; };
		FE24D0E925F345A0005D665B /* DataDelete.swift in Sources */ = {isa = PBXBuildFile; fileRef = FE24D0E825F345A0005D665B /* DataDelete.swift */; };
		FE32139D2608B61F00787F69 /* SendOnlySound.swift in Sources */ = {isa = PBXBuildFile; fileRef = FE32139C2608B61F00787F69 /* SendOnlySound.swift */; };
		FE3213A02608BB9700787F69 /* AudioManager.swift in Sources */ = {isa = PBXBuildFile; fileRef = FE32139F2608BB9700787F69 /* AudioManager.swift */; };
		FE49127D2651354D00578A9B /* ScanImageAndMemoBodySend.swift in Sources */ = {isa = PBXBuildFile; fileRef = FE49127C2651354D00578A9B /* ScanImageAndMemoBodySend.swift */; };
		FE5538772662630500634A9D /* NotificationListViewController.swift in Sources */ = {isa = PBXBuildFile; fileRef = FE5538762662630500634A9D /* NotificationListViewController.swift */; };
		FE5538792662632F00634A9D /* AleatSettingViewController.swift in Sources */ = {isa = PBXBuildFile; fileRef = FE5538782662632F00634A9D /* AleatSettingViewController.swift */; };
		FE55387B26626F3500634A9D /* MobileNetV2.mlmodel in Sources */ = {isa = PBXBuildFile; fileRef = FE55387A26626F3500634A9D /* MobileNetV2.mlmodel */; };
		FE55387D26626F3E00634A9D /* Resnet50.mlmodel in Sources */ = {isa = PBXBuildFile; fileRef = FE55387C26626F3E00634A9D /* Resnet50.mlmodel */; };
		FE5A98E8263592C800D0A80C /* TextAndImageSend.swift in Sources */ = {isa = PBXBuildFile; fileRef = FE5A98E7263592C800D0A80C /* TextAndImageSend.swift */; };
		FE5B3BF92657D27C00F24F36 /* SendOnlyTitle.swift in Sources */ = {isa = PBXBuildFile; fileRef = FE5B3BF82657D27C00F24F36 /* SendOnlyTitle.swift */; };
		FE5B3BFB2657D2F200F24F36 /* SendOnlyMemoBody.swift in Sources */ = {isa = PBXBuildFile; fileRef = FE5B3BFA2657D2F200F24F36 /* SendOnlyMemoBody.swift */; };
		FE5B3BFD2657D39C00F24F36 /* TitleAndImageSend.swift in Sources */ = {isa = PBXBuildFile; fileRef = FE5B3BFC2657D39C00F24F36 /* TitleAndImageSend.swift */; };
		FE5B3BFF2657D3F800F24F36 /* TitleAndSoundSend.swift in Sources */ = {isa = PBXBuildFile; fileRef = FE5B3BFE2657D3F800F24F36 /* TitleAndSoundSend.swift */; };
		FE5B3C012657D49800F24F36 /* MemoBodyAndImage.swift in Sources */ = {isa = PBXBuildFile; fileRef = FE5B3C002657D49800F24F36 /* MemoBodyAndImage.swift */; };
		FE5B3C032657D4F800F24F36 /* MemoBodyAndSound.swift in Sources */ = {isa = PBXBuildFile; fileRef = FE5B3C022657D4F800F24F36 /* MemoBodyAndSound.swift */; };
		FE5B3C052657D55500F24F36 /* ImageAndSound.swift in Sources */ = {isa = PBXBuildFile; fileRef = FE5B3C042657D55500F24F36 /* ImageAndSound.swift */; };
		FE5E514D265A748C000BFB72 /* ParsingObjectViewController.swift in Sources */ = {isa = PBXBuildFile; fileRef = FE5E514C265A748C000BFB72 /* ParsingObjectViewController.swift */; };
		FE6BE6E624CAF8D700F82F7A /* MenuViewController.swift in Sources */ = {isa = PBXBuildFile; fileRef = FE6BE6E524CAF8D700F82F7A /* MenuViewController.swift */; };
		FE6E944D24D57D0D00CCD0E2 /* CreateController.swift in Sources */ = {isa = PBXBuildFile; fileRef = FE6E944C24D57D0D00CCD0E2 /* CreateController.swift */; };
		FE70F7082619EA2D002FC823 /* SoundRecord.swift in Sources */ = {isa = PBXBuildFile; fileRef = FE70F7072619EA2D002FC823 /* SoundRecord.swift */; };
		FE70F70B2619EA89002FC823 /* SoundPlay.swift in Sources */ = {isa = PBXBuildFile; fileRef = FE70F70A2619EA89002FC823 /* SoundPlay.swift */; };
		FE71261725DA8D1C00B7C33A /* HandWrittenViewController.swift in Sources */ = {isa = PBXBuildFile; fileRef = FE71261625DA8D1C00B7C33A /* HandWrittenViewController.swift */; };
		FE7868A22641757200DDA9BF /* State.swift in Sources */ = {isa = PBXBuildFile; fileRef = FE7868A12641757200DDA9BF /* State.swift */; };
		FE87AD4825E7ADE10030225B /* ScanViewController.swift in Sources */ = {isa = PBXBuildFile; fileRef = FE87AD4725E7ADE10030225B /* ScanViewController.swift */; };
		FE87C5CE2529E095004FECC1 /* EditViewController.swift in Sources */ = {isa = PBXBuildFile; fileRef = FE87C5CD2529E094004FECC1 /* EditViewController.swift */; };
		FE96862F252ECA7B005FFD8E /* EditSendToDB.swift in Sources */ = {isa = PBXBuildFile; fileRef = FE96862E252ECA7B005FFD8E /* EditSendToDB.swift */; };
		FE9908772663B98B0089A1D8 /* iPhone8Plus.storyboard in Resources */ = {isa = PBXBuildFile; fileRef = FE9908762663B98B0089A1D8 /* iPhone8Plus.storyboard */; };
		FE9908792663BAA10089A1D8 /* iPhone11.storyboard in Resources */ = {isa = PBXBuildFile; fileRef = FE9908782663BAA10089A1D8 /* iPhone11.storyboard */; };
		FE99087D2663BCC60089A1D8 /* iPhone11ProMax.storyboard in Resources */ = {isa = PBXBuildFile; fileRef = FE99087C2663BCC60089A1D8 /* iPhone11ProMax.storyboard */; };
		FE99087F2663BD650089A1D8 /* iPhone12.storyboard in Resources */ = {isa = PBXBuildFile; fileRef = FE99087E2663BD650089A1D8 /* iPhone12.storyboard */; };
		FE9908812663BE390089A1D8 /* iPhone12ProMax.storyboard in Resources */ = {isa = PBXBuildFile; fileRef = FE9908802663BE390089A1D8 /* iPhone12ProMax.storyboard */; };
		FE9908832663BEDE0089A1D8 /* iPhone12mini.storyboard in Resources */ = {isa = PBXBuildFile; fileRef = FE9908822663BEDE0089A1D8 /* iPhone12mini.storyboard */; };
		FE9B67C324DC0E3B00EC2AFF /* SendToDB.swift in Sources */ = {isa = PBXBuildFile; fileRef = FE9B67C224DC0E3B00EC2AFF /* SendToDB.swift */; };
		FE9B67C524DC16F200EC2AFF /* Memo.swift in Sources */ = {isa = PBXBuildFile; fileRef = FE9B67C424DC16F200EC2AFF /* Memo.swift */; };
		FEA8FBB1264EA6110069436D /* GoogleService-Info.plist in Resources */ = {isa = PBXBuildFile; fileRef = FEA8FBB0264EA6110069436D /* GoogleService-Info.plist */; };
		FEB66C2024FBB10F00BCA41F /* DetailViewController.swift in Sources */ = {isa = PBXBuildFile; fileRef = FEB66C1F24FBB10F00BCA41F /* DetailViewController.swift */; };
		FED4B4B625D7C6E4006836C4 /* AuthenticationServices.framework in Frameworks */ = {isa = PBXBuildFile; fileRef = FED4B4B525D7C6E4006836C4 /* AuthenticationServices.framework */; };
		FEDE11F424B8893A008FB1CF /* AppDelegate.swift in Sources */ = {isa = PBXBuildFile; fileRef = FEDE11F324B8893A008FB1CF /* AppDelegate.swift */; };
		FEDE11F624B8893A008FB1CF /* SceneDelegate.swift in Sources */ = {isa = PBXBuildFile; fileRef = FEDE11F524B8893A008FB1CF /* SceneDelegate.swift */; };
		FEDE11FD24B8893C008FB1CF /* Assets.xcassets in Resources */ = {isa = PBXBuildFile; fileRef = FEDE11FC24B8893C008FB1CF /* Assets.xcassets */; };
		FEDE120024B8893C008FB1CF /* LaunchScreen.storyboard in Resources */ = {isa = PBXBuildFile; fileRef = FEDE11FE24B8893C008FB1CF /* LaunchScreen.storyboard */; };
		FEDE120B24B8896F008FB1CF /* Main.storyboard in Resources */ = {isa = PBXBuildFile; fileRef = FEDE120A24B8896F008FB1CF /* Main.storyboard */; };
		FEDE120D24B88B32008FB1CF /* LoginViewController.swift in Sources */ = {isa = PBXBuildFile; fileRef = FEDE120C24B88B32008FB1CF /* LoginViewController.swift */; };
		FEEB22A32598A86C004CCBD1 /* CustomCell.swift in Sources */ = {isa = PBXBuildFile; fileRef = FEEB22A22598A86C004CCBD1 /* CustomCell.swift */; };
		FEEBB19126384913007EA021 /* LoginButton.swift in Sources */ = {isa = PBXBuildFile; fileRef = FEEBB19026384913007EA021 /* LoginButton.swift */; };
		FEEBB19426384A2E007EA021 /* AccountSceneMoveButton.swift in Sources */ = {isa = PBXBuildFile; fileRef = FEEBB19326384A2E007EA021 /* AccountSceneMoveButton.swift */; };
		FEEBB19A2638517D007EA021 /* RegisterButton.swift in Sources */ = {isa = PBXBuildFile; fileRef = FEEBB1992638517D007EA021 /* RegisterButton.swift */; };
		FEEFA1F625F0E5BA0060C768 /* SendOnlyText.swift in Sources */ = {isa = PBXBuildFile; fileRef = FEEFA1F525F0E5BA0060C768 /* SendOnlyText.swift */; };
		FEEFA1F925F0E5F40060C768 /* SendOnlyImage.swift in Sources */ = {isa = PBXBuildFile; fileRef = FEEFA1F825F0E5F40060C768 /* SendOnlyImage.swift */; };
		FEFD227824C5AD7C006169C9 /* AccountLogin.swift in Sources */ = {isa = PBXBuildFile; fileRef = FEFD227724C5AD7C006169C9 /* AccountLogin.swift */; };
/* End PBXBuildFile section */

/* Begin PBXFileReference section */
		24A3E17CCE7C14DC427BC4D0 /* Pods-OriginalApplication.release.xcconfig */ = {isa = PBXFileReference; includeInIndex = 1; lastKnownFileType = text.xcconfig; name = "Pods-OriginalApplication.release.xcconfig"; path = "Target Support Files/Pods-OriginalApplication/Pods-OriginalApplication.release.xcconfig"; sourceTree = "<group>"; };
		313F38053FF634F4090B82F0 /* Pods_OriginalApplication.framework */ = {isa = PBXFileReference; explicitFileType = wrapper.framework; includeInIndex = 0; path = Pods_OriginalApplication.framework; sourceTree = BUILT_PRODUCTS_DIR; };
		AB5031ADCBFA63F8904D334B /* Pods-OriginalApplication.debug.xcconfig */ = {isa = PBXFileReference; includeInIndex = 1; lastKnownFileType = text.xcconfig; name = "Pods-OriginalApplication.debug.xcconfig"; path = "Target Support Files/Pods-OriginalApplication/Pods-OriginalApplication.debug.xcconfig"; sourceTree = "<group>"; };
		FE01510D24C473D90046A550 /* HomeController.swift */ = {isa = PBXFileReference; lastKnownFileType = sourcecode.swift; path = HomeController.swift; sourceTree = "<group>"; };
		FE0A0D9F24EFDE21006BA118 /* LogOut.swift */ = {isa = PBXFileReference; lastKnownFileType = sourcecode.swift; path = LogOut.swift; sourceTree = "<group>"; };
		FE1D5BBE24C469810097B2F1 /* RegisterController.swift */ = {isa = PBXFileReference; lastKnownFileType = sourcecode.swift; path = RegisterController.swift; sourceTree = "<group>"; };
		FE1D5BC024C46E3A0097B2F1 /* Register.swift */ = {isa = PBXFileReference; lastKnownFileType = sourcecode.swift; path = Register.swift; sourceTree = "<group>"; };
		FE24D0E825F345A0005D665B /* DataDelete.swift */ = {isa = PBXFileReference; lastKnownFileType = sourcecode.swift; path = DataDelete.swift; sourceTree = "<group>"; };
		FE32139C2608B61F00787F69 /* SendOnlySound.swift */ = {isa = PBXFileReference; lastKnownFileType = sourcecode.swift; path = SendOnlySound.swift; sourceTree = "<group>"; };
		FE32139F2608BB9700787F69 /* AudioManager.swift */ = {isa = PBXFileReference; lastKnownFileType = sourcecode.swift; path = AudioManager.swift; sourceTree = "<group>"; };
		FE49127C2651354D00578A9B /* ScanImageAndMemoBodySend.swift */ = {isa = PBXFileReference; lastKnownFileType = sourcecode.swift; path = ScanImageAndMemoBodySend.swift; sourceTree = "<group>"; };
		FE5538762662630500634A9D /* NotificationListViewController.swift */ = {isa = PBXFileReference; lastKnownFileType = sourcecode.swift; path = NotificationListViewController.swift; sourceTree = "<group>"; };
		FE5538782662632F00634A9D /* AleatSettingViewController.swift */ = {isa = PBXFileReference; lastKnownFileType = sourcecode.swift; path = AleatSettingViewController.swift; sourceTree = "<group>"; };
		FE55387A26626F3500634A9D /* MobileNetV2.mlmodel */ = {isa = PBXFileReference; lastKnownFileType = file.mlmodel; name = MobileNetV2.mlmodel; path = ../../../../Downloads/MobileNetV2.mlmodel; sourceTree = "<group>"; };
		FE55387C26626F3E00634A9D /* Resnet50.mlmodel */ = {isa = PBXFileReference; lastKnownFileType = file.mlmodel; name = Resnet50.mlmodel; path = ../../../../Downloads/Resnet50.mlmodel; sourceTree = "<group>"; };
		FE5A98E7263592C800D0A80C /* TextAndImageSend.swift */ = {isa = PBXFileReference; lastKnownFileType = sourcecode.swift; path = TextAndImageSend.swift; sourceTree = "<group>"; };
		FE5B3BF82657D27C00F24F36 /* SendOnlyTitle.swift */ = {isa = PBXFileReference; lastKnownFileType = sourcecode.swift; path = SendOnlyTitle.swift; sourceTree = "<group>"; };
		FE5B3BFA2657D2F200F24F36 /* SendOnlyMemoBody.swift */ = {isa = PBXFileReference; lastKnownFileType = sourcecode.swift; path = SendOnlyMemoBody.swift; sourceTree = "<group>"; };
		FE5B3BFC2657D39C00F24F36 /* TitleAndImageSend.swift */ = {isa = PBXFileReference; lastKnownFileType = sourcecode.swift; path = TitleAndImageSend.swift; sourceTree = "<group>"; };
		FE5B3BFE2657D3F800F24F36 /* TitleAndSoundSend.swift */ = {isa = PBXFileReference; lastKnownFileType = sourcecode.swift; path = TitleAndSoundSend.swift; sourceTree = "<group>"; };
		FE5B3C002657D49800F24F36 /* MemoBodyAndImage.swift */ = {isa = PBXFileReference; lastKnownFileType = sourcecode.swift; path = MemoBodyAndImage.swift; sourceTree = "<group>"; };
		FE5B3C022657D4F800F24F36 /* MemoBodyAndSound.swift */ = {isa = PBXFileReference; lastKnownFileType = sourcecode.swift; path = MemoBodyAndSound.swift; sourceTree = "<group>"; };
		FE5B3C042657D55500F24F36 /* ImageAndSound.swift */ = {isa = PBXFileReference; lastKnownFileType = sourcecode.swift; path = ImageAndSound.swift; sourceTree = "<group>"; };
		FE5E514C265A748C000BFB72 /* ParsingObjectViewController.swift */ = {isa = PBXFileReference; lastKnownFileType = sourcecode.swift; path = ParsingObjectViewController.swift; sourceTree = "<group>"; };
		FE62EBF124C85E91006964EB /* ja */ = {isa = PBXFileReference; lastKnownFileType = text.plist.strings; name = ja; path = ja.lproj/LaunchScreen.strings; sourceTree = "<group>"; };
		FE6BE6E524CAF8D700F82F7A /* MenuViewController.swift */ = {isa = PBXFileReference; lastKnownFileType = sourcecode.swift; path = MenuViewController.swift; sourceTree = "<group>"; };
		FE6E944C24D57D0D00CCD0E2 /* CreateController.swift */ = {isa = PBXFileReference; lastKnownFileType = sourcecode.swift; path = CreateController.swift; sourceTree = "<group>"; };
		FE70F7072619EA2D002FC823 /* SoundRecord.swift */ = {isa = PBXFileReference; lastKnownFileType = sourcecode.swift; path = SoundRecord.swift; sourceTree = "<group>"; };
		FE70F70A2619EA89002FC823 /* SoundPlay.swift */ = {isa = PBXFileReference; lastKnownFileType = sourcecode.swift; path = SoundPlay.swift; sourceTree = "<group>"; };
		FE71261625DA8D1C00B7C33A /* HandWrittenViewController.swift */ = {isa = PBXFileReference; lastKnownFileType = sourcecode.swift; path = HandWrittenViewController.swift; sourceTree = "<group>"; };
		FE7868A12641757200DDA9BF /* State.swift */ = {isa = PBXFileReference; lastKnownFileType = sourcecode.swift; path = State.swift; sourceTree = "<group>"; };
		FE87AD4725E7ADE10030225B /* ScanViewController.swift */ = {isa = PBXFileReference; lastKnownFileType = sourcecode.swift; path = ScanViewController.swift; sourceTree = "<group>"; };
		FE87C5CD2529E094004FECC1 /* EditViewController.swift */ = {isa = PBXFileReference; lastKnownFileType = sourcecode.swift; path = EditViewController.swift; sourceTree = "<group>"; };
		FE96862E252ECA7B005FFD8E /* EditSendToDB.swift */ = {isa = PBXFileReference; lastKnownFileType = sourcecode.swift; path = EditSendToDB.swift; sourceTree = "<group>"; };
		FE9908762663B98B0089A1D8 /* iPhone8Plus.storyboard */ = {isa = PBXFileReference; lastKnownFileType = file.storyboard; path = iPhone8Plus.storyboard; sourceTree = "<group>"; };
		FE9908782663BAA10089A1D8 /* iPhone11.storyboard */ = {isa = PBXFileReference; lastKnownFileType = file.storyboard; path = iPhone11.storyboard; sourceTree = "<group>"; };
		FE99087C2663BCC60089A1D8 /* iPhone11ProMax.storyboard */ = {isa = PBXFileReference; lastKnownFileType = file.storyboard; path = iPhone11ProMax.storyboard; sourceTree = "<group>"; };
		FE99087E2663BD650089A1D8 /* iPhone12.storyboard */ = {isa = PBXFileReference; lastKnownFileType = file.storyboard; path = iPhone12.storyboard; sourceTree = "<group>"; };
		FE9908802663BE390089A1D8 /* iPhone12ProMax.storyboard */ = {isa = PBXFileReference; lastKnownFileType = file.storyboard; path = iPhone12ProMax.storyboard; sourceTree = "<group>"; };
		FE9908822663BEDE0089A1D8 /* iPhone12mini.storyboard */ = {isa = PBXFileReference; lastKnownFileType = file.storyboard; path = iPhone12mini.storyboard; sourceTree = "<group>"; };
		FE9B67C224DC0E3B00EC2AFF /* SendToDB.swift */ = {isa = PBXFileReference; lastKnownFileType = sourcecode.swift; path = SendToDB.swift; sourceTree = "<group>"; };
		FE9B67C424DC16F200EC2AFF /* Memo.swift */ = {isa = PBXFileReference; lastKnownFileType = sourcecode.swift; path = Memo.swift; sourceTree = "<group>"; };
		FEA8FBB0264EA6110069436D /* GoogleService-Info.plist */ = {isa = PBXFileReference; fileEncoding = 4; lastKnownFileType = text.plist.xml; name = "GoogleService-Info.plist"; path = "../../../../Downloads/GoogleService-Info.plist"; sourceTree = "<group>"; };
		FEB66C1F24FBB10F00BCA41F /* DetailViewController.swift */ = {isa = PBXFileReference; lastKnownFileType = sourcecode.swift; path = DetailViewController.swift; sourceTree = "<group>"; };
		FED4B4B125D7BF42006836C4 /* OriginalApplication.entitlements */ = {isa = PBXFileReference; lastKnownFileType = text.plist.entitlements; path = OriginalApplication.entitlements; sourceTree = "<group>"; };
		FED4B4B525D7C6E4006836C4 /* AuthenticationServices.framework */ = {isa = PBXFileReference; lastKnownFileType = wrapper.framework; name = AuthenticationServices.framework; path = System/Library/Frameworks/AuthenticationServices.framework; sourceTree = SDKROOT; };
		FEDE11F024B8893A008FB1CF /* OriginalApplication.app */ = {isa = PBXFileReference; explicitFileType = wrapper.application; includeInIndex = 0; path = OriginalApplication.app; sourceTree = BUILT_PRODUCTS_DIR; };
		FEDE11F324B8893A008FB1CF /* AppDelegate.swift */ = {isa = PBXFileReference; lastKnownFileType = sourcecode.swift; path = AppDelegate.swift; sourceTree = "<group>"; };
		FEDE11F524B8893A008FB1CF /* SceneDelegate.swift */ = {isa = PBXFileReference; lastKnownFileType = sourcecode.swift; path = SceneDelegate.swift; sourceTree = "<group>"; };
		FEDE11FC24B8893C008FB1CF /* Assets.xcassets */ = {isa = PBXFileReference; lastKnownFileType = folder.assetcatalog; path = Assets.xcassets; sourceTree = "<group>"; };
		FEDE11FF24B8893C008FB1CF /* Base */ = {isa = PBXFileReference; lastKnownFileType = file.storyboard; name = Base; path = Base.lproj/LaunchScreen.storyboard; sourceTree = "<group>"; };
		FEDE120124B8893C008FB1CF /* Info.plist */ = {isa = PBXFileReference; lastKnownFileType = text.plist.xml; path = Info.plist; sourceTree = "<group>"; };
		FEDE120A24B8896F008FB1CF /* Main.storyboard */ = {isa = PBXFileReference; lastKnownFileType = file.storyboard; path = Main.storyboard; sourceTree = "<group>"; };
		FEDE120C24B88B32008FB1CF /* LoginViewController.swift */ = {isa = PBXFileReference; lastKnownFileType = sourcecode.swift; path = LoginViewController.swift; sourceTree = "<group>"; };
		FEEB22A22598A86C004CCBD1 /* CustomCell.swift */ = {isa = PBXFileReference; lastKnownFileType = sourcecode.swift; path = CustomCell.swift; sourceTree = "<group>"; };
		FEEBB19026384913007EA021 /* LoginButton.swift */ = {isa = PBXFileReference; lastKnownFileType = sourcecode.swift; path = LoginButton.swift; sourceTree = "<group>"; };
		FEEBB19326384A2E007EA021 /* AccountSceneMoveButton.swift */ = {isa = PBXFileReference; lastKnownFileType = sourcecode.swift; path = AccountSceneMoveButton.swift; sourceTree = "<group>"; };
		FEEBB1992638517D007EA021 /* RegisterButton.swift */ = {isa = PBXFileReference; lastKnownFileType = sourcecode.swift; path = RegisterButton.swift; sourceTree = "<group>"; };
		FEEFA1F525F0E5BA0060C768 /* SendOnlyText.swift */ = {isa = PBXFileReference; lastKnownFileType = sourcecode.swift; path = SendOnlyText.swift; sourceTree = "<group>"; };
		FEEFA1F825F0E5F40060C768 /* SendOnlyImage.swift */ = {isa = PBXFileReference; lastKnownFileType = sourcecode.swift; path = SendOnlyImage.swift; sourceTree = "<group>"; };
		FEFD227724C5AD7C006169C9 /* AccountLogin.swift */ = {isa = PBXFileReference; lastKnownFileType = sourcecode.swift; path = AccountLogin.swift; sourceTree = "<group>"; };
/* End PBXFileReference section */

/* Begin PBXFrameworksBuildPhase section */
		FEDE11ED24B8893A008FB1CF /* Frameworks */ = {
			isa = PBXFrameworksBuildPhase;
			buildActionMask = 2147483647;
			files = (
				FED4B4B625D7C6E4006836C4 /* AuthenticationServices.framework in Frameworks */,
				E3F069E9733E11C55044F6D1 /* Pods_OriginalApplication.framework in Frameworks */,
			);
			runOnlyForDeploymentPostprocessing = 0;
		};
/* End PBXFrameworksBuildPhase section */

/* Begin PBXGroup section */
		4B90C7E7E519CA91B60999E6 /* Pods */ = {
			isa = PBXGroup;
			children = (
				AB5031ADCBFA63F8904D334B /* Pods-OriginalApplication.debug.xcconfig */,
				24A3E17CCE7C14DC427BC4D0 /* Pods-OriginalApplication.release.xcconfig */,
			);
			path = Pods;
			sourceTree = "<group>";
		};
		9570760D1CC08DABF860A9FB /* Frameworks */ = {
			isa = PBXGroup;
			children = (
				FED4B4B525D7C6E4006836C4 /* AuthenticationServices.framework */,
				313F38053FF634F4090B82F0 /* Pods_OriginalApplication.framework */,
			);
			name = Frameworks;
			sourceTree = "<group>";
		};
		FEDE11E724B8893A008FB1CF = {
			isa = PBXGroup;
			children = (
				FEDE11F224B8893A008FB1CF /* OriginalApplication */,
				FEDE11F124B8893A008FB1CF /* Products */,
				4B90C7E7E519CA91B60999E6 /* Pods */,
				9570760D1CC08DABF860A9FB /* Frameworks */,
			);
			sourceTree = "<group>";
		};
		FEDE11F124B8893A008FB1CF /* Products */ = {
			isa = PBXGroup;
			children = (
				FEDE11F024B8893A008FB1CF /* OriginalApplication.app */,
			);
			name = Products;
			sourceTree = "<group>";
		};
		FEDE11F224B8893A008FB1CF /* OriginalApplication */ = {
			isa = PBXGroup;
			children = (
				FED4B4B125D7BF42006836C4 /* OriginalApplication.entitlements */,
				FEDE120924B88960008FB1CF /* Model */,
				FEDE120824B88959008FB1CF /* View */,
				FEDE120724B8894D008FB1CF /* Controller */,
				FEDE11F324B8893A008FB1CF /* AppDelegate.swift */,
				FEDE11F524B8893A008FB1CF /* SceneDelegate.swift */,
				FE55387A26626F3500634A9D /* MobileNetV2.mlmodel */,
				FE55387C26626F3E00634A9D /* Resnet50.mlmodel */,
				FEDE11FE24B8893C008FB1CF /* LaunchScreen.storyboard */,
				FEDE120124B8893C008FB1CF /* Info.plist */,
				FEA8FBB0264EA6110069436D /* GoogleService-Info.plist */,
			);
			path = OriginalApplication;
			sourceTree = "<group>";
		};
		FEDE120724B8894D008FB1CF /* Controller */ = {
			isa = PBXGroup;
			children = (
				FEEB22A22598A86C004CCBD1 /* CustomCell.swift */,
				FEDE120C24B88B32008FB1CF /* LoginViewController.swift */,
				FE1D5BBE24C469810097B2F1 /* RegisterController.swift */,
				FE01510D24C473D90046A550 /* HomeController.swift */,
				FE6BE6E524CAF8D700F82F7A /* MenuViewController.swift */,
				FE6E944C24D57D0D00CCD0E2 /* CreateController.swift */,
				FEB66C1F24FBB10F00BCA41F /* DetailViewController.swift */,
				FE87C5CD2529E094004FECC1 /* EditViewController.swift */,
				FE71261625DA8D1C00B7C33A /* HandWrittenViewController.swift */,
				FE87AD4725E7ADE10030225B /* ScanViewController.swift */,
				FE5E514C265A748C000BFB72 /* ParsingObjectViewController.swift */,
				FE5538762662630500634A9D /* NotificationListViewController.swift */,
				FE5538782662632F00634A9D /* AleatSettingViewController.swift */,
			);
			path = Controller;
			sourceTree = "<group>";
		};
		FEDE120824B88959008FB1CF /* View */ = {
			isa = PBXGroup;
			children = (
				FEDE120A24B8896F008FB1CF /* Main.storyboard */,
				FEDE11FC24B8893C008FB1CF /* Assets.xcassets */,
				FE9908762663B98B0089A1D8 /* iPhone8Plus.storyboard */,
				FE9908782663BAA10089A1D8 /* iPhone11.storyboard */,
				FE99087C2663BCC60089A1D8 /* iPhone11ProMax.storyboard */,
				FE99087E2663BD650089A1D8 /* iPhone12.storyboard */,
				FE9908802663BE390089A1D8 /* iPhone12ProMax.storyboard */,
				FE9908822663BEDE0089A1D8 /* iPhone12mini.storyboard */,
			);
			path = View;
			sourceTree = "<group>";
		};
		FEDE120924B88960008FB1CF /* Model */ = {
			isa = PBXGroup;
			children = (
				FE1D5BC024C46E3A0097B2F1 /* Register.swift */,
				FEFD227724C5AD7C006169C9 /* AccountLogin.swift */,
				FE9B67C224DC0E3B00EC2AFF /* SendToDB.swift */,
				FE9B67C424DC16F200EC2AFF /* Memo.swift */,
				FE0A0D9F24EFDE21006BA118 /* LogOut.swift */,
				FE96862E252ECA7B005FFD8E /* EditSendToDB.swift */,
				FEEFA1F525F0E5BA0060C768 /* SendOnlyText.swift */,
				FEEFA1F825F0E5F40060C768 /* SendOnlyImage.swift */,
				FE24D0E825F345A0005D665B /* DataDelete.swift */,
				FE32139C2608B61F00787F69 /* SendOnlySound.swift */,
				FE32139F2608BB9700787F69 /* AudioManager.swift */,
				FE70F7072619EA2D002FC823 /* SoundRecord.swift */,
				FE70F70A2619EA89002FC823 /* SoundPlay.swift */,
				FE5A98E7263592C800D0A80C /* TextAndImageSend.swift */,
				FEEBB19026384913007EA021 /* LoginButton.swift */,
				FEEBB19326384A2E007EA021 /* AccountSceneMoveButton.swift */,
				FEEBB1992638517D007EA021 /* RegisterButton.swift */,
				FE7868A12641757200DDA9BF /* State.swift */,
				FE49127C2651354D00578A9B /* ScanImageAndMemoBodySend.swift */,
				FE5B3BF82657D27C00F24F36 /* SendOnlyTitle.swift */,
				FE5B3BFA2657D2F200F24F36 /* SendOnlyMemoBody.swift */,
				FE5B3BFC2657D39C00F24F36 /* TitleAndImageSend.swift */,
				FE5B3BFE2657D3F800F24F36 /* TitleAndSoundSend.swift */,
				FE5B3C002657D49800F24F36 /* MemoBodyAndImage.swift */,
				FE5B3C022657D4F800F24F36 /* MemoBodyAndSound.swift */,
				FE5B3C042657D55500F24F36 /* ImageAndSound.swift */,
			);
			path = Model;
			sourceTree = "<group>";
		};
/* End PBXGroup section */

/* Begin PBXNativeTarget section */
		FEDE11EF24B8893A008FB1CF /* OriginalApplication */ = {
			isa = PBXNativeTarget;
			buildConfigurationList = FEDE120424B8893C008FB1CF /* Build configuration list for PBXNativeTarget "OriginalApplication" */;
			buildPhases = (
				F23208FE49ACE72E6125E969 /* [CP] Check Pods Manifest.lock */,
				FEDE11EC24B8893A008FB1CF /* Sources */,
				FEDE11ED24B8893A008FB1CF /* Frameworks */,
				FEDE11EE24B8893A008FB1CF /* Resources */,
				EDB504B578A0F6E6937CB918 /* [CP] Embed Pods Frameworks */,
				3ED01EA7762F4E0B62EDF704 /* [CP] Copy Pods Resources */,
			);
			buildRules = (
			);
			dependencies = (
			);
			name = OriginalApplication;
			packageProductDependencies = (
			);
			productName = OriginalApplication;
			productReference = FEDE11F024B8893A008FB1CF /* OriginalApplication.app */;
			productType = "com.apple.product-type.application";
		};
/* End PBXNativeTarget section */

/* Begin PBXProject section */
		FEDE11E824B8893A008FB1CF /* Project object */ = {
			isa = PBXProject;
			attributes = {
				LastSwiftUpdateCheck = 1150;
				LastUpgradeCheck = 1240;
				ORGANIZATIONNAME = "濱田広毅";
				TargetAttributes = {
					FEDE11EF24B8893A008FB1CF = {
						CreatedOnToolsVersion = 11.5;
					};
				};
			};
			buildConfigurationList = FEDE11EB24B8893A008FB1CF /* Build configuration list for PBXProject "OriginalApplication" */;
			compatibilityVersion = "Xcode 12.0";
			developmentRegion = en;
			hasScannedForEncodings = 0;
			knownRegions = (
				en,
				Base,
				ja,
			);
			mainGroup = FEDE11E724B8893A008FB1CF;
			packageReferences = (
			);
			productRefGroup = FEDE11F124B8893A008FB1CF /* Products */;
			projectDirPath = "";
			projectRoot = "";
			targets = (
				FEDE11EF24B8893A008FB1CF /* OriginalApplication */,
			);
		};
/* End PBXProject section */

/* Begin PBXResourcesBuildPhase section */
		FEDE11EE24B8893A008FB1CF /* Resources */ = {
			isa = PBXResourcesBuildPhase;
			buildActionMask = 2147483647;
			files = (
				FE99087F2663BD650089A1D8 /* iPhone12.storyboard in Resources */,
				FEDE120024B8893C008FB1CF /* LaunchScreen.storyboard in Resources */,
				FEA8FBB1264EA6110069436D /* GoogleService-Info.plist in Resources */,
				FEDE11FD24B8893C008FB1CF /* Assets.xcassets in Resources */,
				FE99087D2663BCC60089A1D8 /* iPhone11ProMax.storyboard in Resources */,
				FE9908792663BAA10089A1D8 /* iPhone11.storyboard in Resources */,
				FE9908812663BE390089A1D8 /* iPhone12ProMax.storyboard in Resources */,
				FE9908772663B98B0089A1D8 /* iPhone8Plus.storyboard in Resources */,
				FEDE120B24B8896F008FB1CF /* Main.storyboard in Resources */,
				FE9908832663BEDE0089A1D8 /* iPhone12mini.storyboard in Resources */,
			);
			runOnlyForDeploymentPostprocessing = 0;
		};
/* End PBXResourcesBuildPhase section */

/* Begin PBXShellScriptBuildPhase section */
		3ED01EA7762F4E0B62EDF704 /* [CP] Copy Pods Resources */ = {
			isa = PBXShellScriptBuildPhase;
			buildActionMask = 2147483647;
			files = (
			);
			inputFileListPaths = (
				"${PODS_ROOT}/Target Support Files/Pods-OriginalApplication/Pods-OriginalApplication-resources-${CONFIGURATION}-input-files.xcfilelist",
			);
			name = "[CP] Copy Pods Resources";
			outputFileListPaths = (
				"${PODS_ROOT}/Target Support Files/Pods-OriginalApplication/Pods-OriginalApplication-resources-${CONFIGURATION}-output-files.xcfilelist",
			);
			runOnlyForDeploymentPostprocessing = 0;
			shellPath = /bin/sh;
			shellScript = "\"${PODS_ROOT}/Target Support Files/Pods-OriginalApplication/Pods-OriginalApplication-resources.sh\"\n";
			showEnvVarsInLog = 0;
		};
		EDB504B578A0F6E6937CB918 /* [CP] Embed Pods Frameworks */ = {
			isa = PBXShellScriptBuildPhase;
			buildActionMask = 2147483647;
			files = (
			);
			inputFileListPaths = (
				"${PODS_ROOT}/Target Support Files/Pods-OriginalApplication/Pods-OriginalApplication-frameworks-${CONFIGURATION}-input-files.xcfilelist",
			);
			name = "[CP] Embed Pods Frameworks";
			outputFileListPaths = (
				"${PODS_ROOT}/Target Support Files/Pods-OriginalApplication/Pods-OriginalApplication-frameworks-${CONFIGURATION}-output-files.xcfilelist",
			);
			runOnlyForDeploymentPostprocessing = 0;
			shellPath = /bin/sh;
			shellScript = "\"${PODS_ROOT}/Target Support Files/Pods-OriginalApplication/Pods-OriginalApplication-frameworks.sh\"\n";
			showEnvVarsInLog = 0;
		};
		F23208FE49ACE72E6125E969 /* [CP] Check Pods Manifest.lock */ = {
			isa = PBXShellScriptBuildPhase;
			buildActionMask = 2147483647;
			files = (
			);
			inputFileListPaths = (
			);
			inputPaths = (
				"${PODS_PODFILE_DIR_PATH}/Podfile.lock",
				"${PODS_ROOT}/Manifest.lock",
			);
			name = "[CP] Check Pods Manifest.lock";
			outputFileListPaths = (
			);
			outputPaths = (
				"$(DERIVED_FILE_DIR)/Pods-OriginalApplication-checkManifestLockResult.txt",
			);
			runOnlyForDeploymentPostprocessing = 0;
			shellPath = /bin/sh;
			shellScript = "diff \"${PODS_PODFILE_DIR_PATH}/Podfile.lock\" \"${PODS_ROOT}/Manifest.lock\" > /dev/null\nif [ $? != 0 ] ; then\n    # print error to STDERR\n    echo \"error: The sandbox is not in sync with the Podfile.lock. Run 'pod install' or update your CocoaPods installation.\" >&2\n    exit 1\nfi\n# This output is used by Xcode 'outputs' to avoid re-running this script phase.\necho \"SUCCESS\" > \"${SCRIPT_OUTPUT_FILE_0}\"\n";
			showEnvVarsInLog = 0;
		};
/* End PBXShellScriptBuildPhase section */

/* Begin PBXSourcesBuildPhase section */
		FEDE11EC24B8893A008FB1CF /* Sources */ = {
			isa = PBXSourcesBuildPhase;
			buildActionMask = 2147483647;
			files = (
				FE55387B26626F3500634A9D /* MobileNetV2.mlmodel in Sources */,
				FE71261725DA8D1C00B7C33A /* HandWrittenViewController.swift in Sources */,
				FE5B3BFF2657D3F800F24F36 /* TitleAndSoundSend.swift in Sources */,
				FEFD227824C5AD7C006169C9 /* AccountLogin.swift in Sources */,
				FE5A98E8263592C800D0A80C /* TextAndImageSend.swift in Sources */,
				FE55387D26626F3E00634A9D /* Resnet50.mlmodel in Sources */,
				FE9B67C324DC0E3B00EC2AFF /* SendToDB.swift in Sources */,
				FE1D5BBF24C469810097B2F1 /* RegisterController.swift in Sources */,
				FE5B3BFB2657D2F200F24F36 /* SendOnlyMemoBody.swift in Sources */,
				FE3213A02608BB9700787F69 /* AudioManager.swift in Sources */,
				FE9B67C524DC16F200EC2AFF /* Memo.swift in Sources */,
				FE87C5CE2529E095004FECC1 /* EditViewController.swift in Sources */,
				FE96862F252ECA7B005FFD8E /* EditSendToDB.swift in Sources */,
				FEEB22A32598A86C004CCBD1 /* CustomCell.swift in Sources */,
				FEDE120D24B88B32008FB1CF /* LoginViewController.swift in Sources */,
				FE7868A22641757200DDA9BF /* State.swift in Sources */,
				FE32139D2608B61F00787F69 /* SendOnlySound.swift in Sources */,
				FE6BE6E624CAF8D700F82F7A /* MenuViewController.swift in Sources */,
				FEEFA1F625F0E5BA0060C768 /* SendOnlyText.swift in Sources */,
				FEEBB19A2638517D007EA021 /* RegisterButton.swift in Sources */,
				FEEFA1F925F0E5F40060C768 /* SendOnlyImage.swift in Sources */,
				FE5538792662632F00634A9D /* AleatSettingViewController.swift in Sources */,
				FEEBB19126384913007EA021 /* LoginButton.swift in Sources */,
				FE0A0DA024EFDE21006BA118 /* LogOut.swift in Sources */,
				FE24D0E925F345A0005D665B /* DataDelete.swift in Sources */,
				FE5B3C032657D4F800F24F36 /* MemoBodyAndSound.swift in Sources */,
				FE6E944D24D57D0D00CCD0E2 /* CreateController.swift in Sources */,
				FE01510E24C473D90046A550 /* HomeController.swift in Sources */,
				FE70F70B2619EA89002FC823 /* SoundPlay.swift in Sources */,
				FE49127D2651354D00578A9B /* ScanImageAndMemoBodySend.swift in Sources */,
				FE5E514D265A748C000BFB72 /* ParsingObjectViewController.swift in Sources */,
				FEDE11F424B8893A008FB1CF /* AppDelegate.swift in Sources */,
				FEDE11F624B8893A008FB1CF /* SceneDelegate.swift in Sources */,
				FE1D5BC124C46E3A0097B2F1 /* Register.swift in Sources */,
				FE5538772662630500634A9D /* NotificationListViewController.swift in Sources */,
				FE70F7082619EA2D002FC823 /* SoundRecord.swift in Sources */,
				FE5B3C052657D55500F24F36 /* ImageAndSound.swift in Sources */,
				FE5B3BF92657D27C00F24F36 /* SendOnlyTitle.swift in Sources */,
				FE5B3C012657D49800F24F36 /* MemoBodyAndImage.swift in Sources */,
				FEEBB19426384A2E007EA021 /* AccountSceneMoveButton.swift in Sources */,
				FEB66C2024FBB10F00BCA41F /* DetailViewController.swift in Sources */,
				FE5B3BFD2657D39C00F24F36 /* TitleAndImageSend.swift in Sources */,
				FE87AD4825E7ADE10030225B /* ScanViewController.swift in Sources */,
			);
			runOnlyForDeploymentPostprocessing = 0;
		};
/* End PBXSourcesBuildPhase section */

/* Begin PBXVariantGroup section */
		FEDE11FE24B8893C008FB1CF /* LaunchScreen.storyboard */ = {
			isa = PBXVariantGroup;
			children = (
				FEDE11FF24B8893C008FB1CF /* Base */,
				FE62EBF124C85E91006964EB /* ja */,
			);
			name = LaunchScreen.storyboard;
			sourceTree = "<group>";
		};
/* End PBXVariantGroup section */

/* Begin XCBuildConfiguration section */
		FEDE120224B8893C008FB1CF /* Debug */ = {
			isa = XCBuildConfiguration;
			buildSettings = {
				ALWAYS_SEARCH_USER_PATHS = NO;
				CLANG_ANALYZER_LOCALIZABILITY_NONLOCALIZED = YES;
				CLANG_ANALYZER_NONNULL = YES;
				CLANG_ANALYZER_NUMBER_OBJECT_CONVERSION = YES_AGGRESSIVE;
				CLANG_CXX_LANGUAGE_STANDARD = "gnu++14";
				CLANG_CXX_LIBRARY = "libc++";
				CLANG_ENABLE_MODULES = YES;
				CLANG_ENABLE_OBJC_ARC = YES;
				CLANG_ENABLE_OBJC_WEAK = YES;
				CLANG_WARN_BLOCK_CAPTURE_AUTORELEASING = YES;
				CLANG_WARN_BOOL_CONVERSION = YES;
				CLANG_WARN_COMMA = YES;
				CLANG_WARN_CONSTANT_CONVERSION = YES;
				CLANG_WARN_DEPRECATED_OBJC_IMPLEMENTATIONS = YES;
				CLANG_WARN_DIRECT_OBJC_ISA_USAGE = YES_ERROR;
				CLANG_WARN_DOCUMENTATION_COMMENTS = YES;
				CLANG_WARN_EMPTY_BODY = YES;
				CLANG_WARN_ENUM_CONVERSION = YES;
				CLANG_WARN_INFINITE_RECURSION = YES;
				CLANG_WARN_INT_CONVERSION = YES;
				CLANG_WARN_NON_LITERAL_NULL_CONVERSION = YES;
				CLANG_WARN_OBJC_IMPLICIT_RETAIN_SELF = YES;
				CLANG_WARN_OBJC_LITERAL_CONVERSION = YES;
				CLANG_WARN_OBJC_ROOT_CLASS = YES_ERROR;
				CLANG_WARN_QUOTED_INCLUDE_IN_FRAMEWORK_HEADER = YES;
				CLANG_WARN_RANGE_LOOP_ANALYSIS = YES;
				CLANG_WARN_STRICT_PROTOTYPES = YES;
				CLANG_WARN_SUSPICIOUS_MOVE = YES;
				CLANG_WARN_UNGUARDED_AVAILABILITY = YES_AGGRESSIVE;
				CLANG_WARN_UNREACHABLE_CODE = YES;
				CLANG_WARN__DUPLICATE_METHOD_MATCH = YES;
				COPY_PHASE_STRIP = NO;
				DEBUG_INFORMATION_FORMAT = dwarf;
				ENABLE_STRICT_OBJC_MSGSEND = YES;
				ENABLE_TESTABILITY = YES;
				GCC_C_LANGUAGE_STANDARD = gnu11;
				GCC_DYNAMIC_NO_PIC = NO;
				GCC_NO_COMMON_BLOCKS = YES;
				GCC_OPTIMIZATION_LEVEL = 0;
				GCC_PREPROCESSOR_DEFINITIONS = (
					"DEBUG=1",
					"$(inherited)",
				);
				GCC_WARN_64_TO_32_BIT_CONVERSION = YES;
				GCC_WARN_ABOUT_RETURN_TYPE = YES_ERROR;
				GCC_WARN_UNDECLARED_SELECTOR = YES;
				GCC_WARN_UNINITIALIZED_AUTOS = YES_AGGRESSIVE;
				GCC_WARN_UNUSED_FUNCTION = YES;
				GCC_WARN_UNUSED_VARIABLE = YES;
				IPHONEOS_DEPLOYMENT_TARGET = 14.3;
				MTL_ENABLE_DEBUG_INFO = INCLUDE_SOURCE;
				MTL_FAST_MATH = YES;
				ONLY_ACTIVE_ARCH = YES;
				SDKROOT = iphoneos;
				SWIFT_ACTIVE_COMPILATION_CONDITIONS = DEBUG;
				SWIFT_OPTIMIZATION_LEVEL = "-Onone";
			};
			name = Debug;
		};
		FEDE120324B8893C008FB1CF /* Release */ = {
			isa = XCBuildConfiguration;
			buildSettings = {
				ALWAYS_SEARCH_USER_PATHS = NO;
				CLANG_ANALYZER_LOCALIZABILITY_NONLOCALIZED = YES;
				CLANG_ANALYZER_NONNULL = YES;
				CLANG_ANALYZER_NUMBER_OBJECT_CONVERSION = YES_AGGRESSIVE;
				CLANG_CXX_LANGUAGE_STANDARD = "gnu++14";
				CLANG_CXX_LIBRARY = "libc++";
				CLANG_ENABLE_MODULES = YES;
				CLANG_ENABLE_OBJC_ARC = YES;
				CLANG_ENABLE_OBJC_WEAK = YES;
				CLANG_WARN_BLOCK_CAPTURE_AUTORELEASING = YES;
				CLANG_WARN_BOOL_CONVERSION = YES;
				CLANG_WARN_COMMA = YES;
				CLANG_WARN_CONSTANT_CONVERSION = YES;
				CLANG_WARN_DEPRECATED_OBJC_IMPLEMENTATIONS = YES;
				CLANG_WARN_DIRECT_OBJC_ISA_USAGE = YES_ERROR;
				CLANG_WARN_DOCUMENTATION_COMMENTS = YES;
				CLANG_WARN_EMPTY_BODY = YES;
				CLANG_WARN_ENUM_CONVERSION = YES;
				CLANG_WARN_INFINITE_RECURSION = YES;
				CLANG_WARN_INT_CONVERSION = YES;
				CLANG_WARN_NON_LITERAL_NULL_CONVERSION = YES;
				CLANG_WARN_OBJC_IMPLICIT_RETAIN_SELF = YES;
				CLANG_WARN_OBJC_LITERAL_CONVERSION = YES;
				CLANG_WARN_OBJC_ROOT_CLASS = YES_ERROR;
				CLANG_WARN_QUOTED_INCLUDE_IN_FRAMEWORK_HEADER = YES;
				CLANG_WARN_RANGE_LOOP_ANALYSIS = YES;
				CLANG_WARN_STRICT_PROTOTYPES = YES;
				CLANG_WARN_SUSPICIOUS_MOVE = YES;
				CLANG_WARN_UNGUARDED_AVAILABILITY = YES_AGGRESSIVE;
				CLANG_WARN_UNREACHABLE_CODE = YES;
				CLANG_WARN__DUPLICATE_METHOD_MATCH = YES;
				COPY_PHASE_STRIP = NO;
				DEBUG_INFORMATION_FORMAT = "dwarf-with-dsym";
				ENABLE_NS_ASSERTIONS = NO;
				ENABLE_STRICT_OBJC_MSGSEND = YES;
				GCC_C_LANGUAGE_STANDARD = gnu11;
				GCC_NO_COMMON_BLOCKS = YES;
				GCC_WARN_64_TO_32_BIT_CONVERSION = YES;
				GCC_WARN_ABOUT_RETURN_TYPE = YES_ERROR;
				GCC_WARN_UNDECLARED_SELECTOR = YES;
				GCC_WARN_UNINITIALIZED_AUTOS = YES_AGGRESSIVE;
				GCC_WARN_UNUSED_FUNCTION = YES;
				GCC_WARN_UNUSED_VARIABLE = YES;
				IPHONEOS_DEPLOYMENT_TARGET = 14.3;
				MTL_ENABLE_DEBUG_INFO = NO;
				MTL_FAST_MATH = YES;
				SDKROOT = iphoneos;
				SWIFT_COMPILATION_MODE = wholemodule;
				SWIFT_OPTIMIZATION_LEVEL = "-O";
				VALIDATE_PRODUCT = YES;
			};
			name = Release;
		};
		FEDE120524B8893C008FB1CF /* Debug */ = {
			isa = XCBuildConfiguration;
			baseConfigurationReference = AB5031ADCBFA63F8904D334B /* Pods-OriginalApplication.debug.xcconfig */;
			buildSettings = {
				ASSETCATALOG_COMPILER_APPICON_NAME = AppIcon;
				CODE_SIGN_ENTITLEMENTS = OriginalApplication/OriginalApplication.entitlements;
				CODE_SIGN_STYLE = Automatic;
				DEVELOPMENT_TEAM = HD6XYY787U;
				INFOPLIST_FILE = OriginalApplication/Info.plist;
				IPHONEOS_DEPLOYMENT_TARGET = 14.3;
				LD_RUNPATH_SEARCH_PATHS = (
					"$(inherited)",
					"@executable_path/Frameworks",
				);
				PRODUCT_BUNDLE_IDENTIFIER = com.koki.OriginalApplication;
				PRODUCT_NAME = "$(TARGET_NAME)";
				SWIFT_VERSION = 5.0;
				TARGETED_DEVICE_FAMILY = 1;
			};
			name = Debug;
		};
		FEDE120624B8893C008FB1CF /* Release */ = {
			isa = XCBuildConfiguration;
			baseConfigurationReference = 24A3E17CCE7C14DC427BC4D0 /* Pods-OriginalApplication.release.xcconfig */;
			buildSettings = {
				ASSETCATALOG_COMPILER_APPICON_NAME = AppIcon;
				CODE_SIGN_ENTITLEMENTS = OriginalApplication/OriginalApplication.entitlements;
				CODE_SIGN_STYLE = Automatic;
				DEVELOPMENT_TEAM = HD6XYY787U;
				INFOPLIST_FILE = OriginalApplication/Info.plist;
				IPHONEOS_DEPLOYMENT_TARGET = 14.3;
				LD_RUNPATH_SEARCH_PATHS = (
					"$(inherited)",
					"@executable_path/Frameworks",
				);
				PRODUCT_BUNDLE_IDENTIFIER = com.koki.OriginalApplication;
				PRODUCT_NAME = "$(TARGET_NAME)";
				SWIFT_VERSION = 5.0;
				TARGETED_DEVICE_FAMILY = 1;
			};
			name = Release;
		};
/* End XCBuildConfiguration section */

/* Begin XCConfigurationList section */
		FEDE11EB24B8893A008FB1CF /* Build configuration list for PBXProject "OriginalApplication" */ = {
			isa = XCConfigurationList;
			buildConfigurations = (
				FEDE120224B8893C008FB1CF /* Debug */,
				FEDE120324B8893C008FB1CF /* Release */,
			);
			defaultConfigurationIsVisible = 0;
			defaultConfigurationName = Release;
		};
		FEDE120424B8893C008FB1CF /* Build configuration list for PBXNativeTarget "OriginalApplication" */ = {
			isa = XCConfigurationList;
			buildConfigurations = (
				FEDE120524B8893C008FB1CF /* Debug */,
				FEDE120624B8893C008FB1CF /* Release */,
			);
			defaultConfigurationIsVisible = 0;
			defaultConfigurationName = Release;
		};
/* End XCConfigurationList section */
	};
	rootObject = FEDE11E824B8893A008FB1CF /* Project object */;
}
